
Microsoft Visual Studio Solution File, Format Version 12.00
# Visual Studio Version 17
VisualStudioVersion = 17.10.35122.118
MinimumVisualStudioVersion = 10.0.40219.1
Project("{9A19103F-16F7-4668-BE54-9A1E7A4F7556}") = "TicTacToeWinForms", "TicTacToeWinForms\TicTacToeWinForms.csproj", "{CC162B26-384A-474C-911F-582E8820406C}"
EndProject
Project("{9A19103F-16F7-4668-BE54-9A1E7A4F7556}") = "TicTacToeWPF", "TicTacToeWPF\TicTacToeWPF.csproj", "{44F981E3-ACC0-44A5-AC0D-05A801331CE9}"
EndProject
Project("{9A19103F-16F7-4668-BE54-9A1E7A4F7556}") = "TicTacToeWinUI", "TicTacToeWinUI\TicTacToeWinUI.csproj", "{385AF340-5BAD-43B7-98EC-D6F1C37F3C92}"
EndProject
Project("{9A19103F-16F7-4668-BE54-9A1E7A4F7556}") = "TicTacToeMAUI", "TicTacToeMAUI\TicTacToeMAUI.csproj", "{4CBB1002-050F-4C3B-B765-AB72AD11BBC5}"
EndProject
Project("{9A19103F-16F7-4668-BE54-9A1E7A4F7556}") = "TicTacToeAvalonia", "TicTacToeAvalonia\TicTacToeAvalonia.csproj", "{9FC3CCF7-53F5-4A62-8AB7-89F40C0A2D31}"
EndProject
Project("{9A19103F-16F7-4668-BE54-9A1E7A4F7556}") = "TicTacToeAvalonia.Desktop", "TicTacToeAvalonia.Desktop\TicTacToeAvalonia.Desktop.csproj", "{9F97EA78-3E44-419C-9D60-145F4CF5BBCB}"
EndProject
Global
	GlobalSection(SolutionConfigurationPlatforms) = preSolution
		Debug|Any CPU = Debug|Any CPU
		Debug|ARM64 = Debug|ARM64
		Debug|x64 = Debug|x64
		Debug|x86 = Debug|x86
		Release|Any CPU = Release|Any CPU
		Release|ARM64 = Release|ARM64
		Release|x64 = Release|x64
		Release|x86 = Release|x86
	EndGlobalSection
	GlobalSection(ProjectConfigurationPlatforms) = postSolution
		{CC162B26-384A-474C-911F-582E8820406C}.Debug|Any CPU.ActiveCfg = Debug|Any CPU
		{CC162B26-384A-474C-911F-582E8820406C}.Debug|Any CPU.Build.0 = Debug|Any CPU
		{CC162B26-384A-474C-911F-582E8820406C}.Debug|ARM64.ActiveCfg = Debug|Any CPU
		{CC162B26-384A-474C-911F-582E8820406C}.Debug|ARM64.Build.0 = Debug|Any CPU
		{CC162B26-384A-474C-911F-582E8820406C}.Debug|x64.ActiveCfg = Debug|Any CPU
		{CC162B26-384A-474C-911F-582E8820406C}.Debug|x64.Build.0 = Debug|Any CPU
		{CC162B26-384A-474C-911F-582E8820406C}.Debug|x86.ActiveCfg = Debug|Any CPU
		{CC162B26-384A-474C-911F-582E8820406C}.Debug|x86.Build.0 = Debug|Any CPU
		{CC162B26-384A-474C-911F-582E8820406C}.Release|Any CPU.ActiveCfg = Release|Any CPU
		{CC162B26-384A-474C-911F-582E8820406C}.Release|Any CPU.Build.0 = Release|Any CPU
		{CC162B26-384A-474C-911F-582E8820406C}.Release|ARM64.ActiveCfg = Release|Any CPU
		{CC162B26-384A-474C-911F-582E8820406C}.Release|ARM64.Build.0 = Release|Any CPU
		{CC162B26-384A-474C-911F-582E8820406C}.Release|x64.ActiveCfg = Release|Any CPU
		{CC162B26-384A-474C-911F-582E8820406C}.Release|x64.Build.0 = Release|Any CPU
		{CC162B26-384A-474C-911F-582E8820406C}.Release|x86.ActiveCfg = Release|Any CPU
		{CC162B26-384A-474C-911F-582E8820406C}.Release|x86.Build.0 = Release|Any CPU
		{44F981E3-ACC0-44A5-AC0D-05A801331CE9}.Debug|Any CPU.ActiveCfg = Debug|Any CPU
		{44F981E3-ACC0-44A5-AC0D-05A801331CE9}.Debug|Any CPU.Build.0 = Debug|Any CPU
		{44F981E3-ACC0-44A5-AC0D-05A801331CE9}.Debug|ARM64.ActiveCfg = Debug|Any CPU
		{44F981E3-ACC0-44A5-AC0D-05A801331CE9}.Debug|ARM64.Build.0 = Debug|Any CPU
		{44F981E3-ACC0-44A5-AC0D-05A801331CE9}.Debug|x64.ActiveCfg = Debug|Any CPU
		{44F981E3-ACC0-44A5-AC0D-05A801331CE9}.Debug|x64.Build.0 = Debug|Any CPU
		{44F981E3-ACC0-44A5-AC0D-05A801331CE9}.Debug|x86.ActiveCfg = Debug|Any CPU
		{44F981E3-ACC0-44A5-AC0D-05A801331CE9}.Debug|x86.Build.0 = Debug|Any CPU
		{44F981E3-ACC0-44A5-AC0D-05A801331CE9}.Release|Any CPU.ActiveCfg = Release|Any CPU
		{44F981E3-ACC0-44A5-AC0D-05A801331CE9}.Release|Any CPU.Build.0 = Release|Any CPU
		{44F981E3-ACC0-44A5-AC0D-05A801331CE9}.Release|ARM64.ActiveCfg = Release|Any CPU
		{44F981E3-ACC0-44A5-AC0D-05A801331CE9}.Release|ARM64.Build.0 = Release|Any CPU
		{44F981E3-ACC0-44A5-AC0D-05A801331CE9}.Release|x64.ActiveCfg = Release|Any CPU
		{44F981E3-ACC0-44A5-AC0D-05A801331CE9}.Release|x64.Build.0 = Release|Any CPU
		{44F981E3-ACC0-44A5-AC0D-05A801331CE9}.Release|x86.ActiveCfg = Release|Any CPU
		{44F981E3-ACC0-44A5-AC0D-05A801331CE9}.Release|x86.Build.0 = Release|Any CPU
		{385AF340-5BAD-43B7-98EC-D6F1C37F3C92}.Debug|Any CPU.ActiveCfg = Debug|x64
		{385AF340-5BAD-43B7-98EC-D6F1C37F3C92}.Debug|Any CPU.Build.0 = Debug|x64
		{385AF340-5BAD-43B7-98EC-D6F1C37F3C92}.Debug|Any CPU.Deploy.0 = Debug|x64
		{385AF340-5BAD-43B7-98EC-D6F1C37F3C92}.Debug|ARM64.ActiveCfg = Debug|ARM64
		{385AF340-5BAD-43B7-98EC-D6F1C37F3C92}.Debug|ARM64.Build.0 = Debug|ARM64
		{385AF340-5BAD-43B7-98EC-D6F1C37F3C92}.Debug|ARM64.Deploy.0 = Debug|ARM64
		{385AF340-5BAD-43B7-98EC-D6F1C37F3C92}.Debug|x64.ActiveCfg = Debug|x64
		{385AF340-5BAD-43B7-98EC-D6F1C37F3C92}.Debug|x64.Build.0 = Debug|x64
		{385AF340-5BAD-43B7-98EC-D6F1C37F3C92}.Debug|x64.Deploy.0 = Debug|x64
		{385AF340-5BAD-43B7-98EC-D6F1C37F3C92}.Debug|x86.ActiveCfg = Debug|x86
		{385AF340-5BAD-43B7-98EC-D6F1C37F3C92}.Debug|x86.Build.0 = Debug|x86
		{385AF340-5BAD-43B7-98EC-D6F1C37F3C92}.Debug|x86.Deploy.0 = Debug|x86
		{385AF340-5BAD-43B7-98EC-D6F1C37F3C92}.Release|Any CPU.ActiveCfg = Release|x64
		{385AF340-5BAD-43B7-98EC-D6F1C37F3C92}.Release|Any CPU.Build.0 = Release|x64
		{385AF340-5BAD-43B7-98EC-D6F1C37F3C92}.Release|Any CPU.Deploy.0 = Release|x64
		{385AF340-5BAD-43B7-98EC-D6F1C37F3C92}.Release|ARM64.ActiveCfg = Release|ARM64
		{385AF340-5BAD-43B7-98EC-D6F1C37F3C92}.Release|ARM64.Build.0 = Release|ARM64
		{385AF340-5BAD-43B7-98EC-D6F1C37F3C92}.Release|ARM64.Deploy.0 = Release|ARM64
		{385AF340-5BAD-43B7-98EC-D6F1C37F3C92}.Release|x64.ActiveCfg = Release|x64
		{385AF340-5BAD-43B7-98EC-D6F1C37F3C92}.Release|x64.Build.0 = Release|x64
		{385AF340-5BAD-43B7-98EC-D6F1C37F3C92}.Release|x64.Deploy.0 = Release|x64
		{385AF340-5BAD-43B7-98EC-D6F1C37F3C92}.Release|x86.ActiveCfg = Release|x86
		{385AF340-5BAD-43B7-98EC-D6F1C37F3C92}.Release|x86.Build.0 = Release|x86
		{385AF340-5BAD-43B7-98EC-D6F1C37F3C92}.Release|x86.Deploy.0 = Release|x86
		{4CBB1002-050F-4C3B-B765-AB72AD11BBC5}.Debug|Any CPU.ActiveCfg = Debug|Any CPU
		{4CBB1002-050F-4C3B-B765-AB72AD11BBC5}.Debug|Any CPU.Build.0 = Debug|Any CPU
		{4CBB1002-050F-4C3B-B765-AB72AD11BBC5}.Debug|Any CPU.Deploy.0 = Debug|Any CPU
		{4CBB1002-050F-4C3B-B765-AB72AD11BBC5}.Debug|ARM64.ActiveCfg = Debug|Any CPU
		{4CBB1002-050F-4C3B-B765-AB72AD11BBC5}.Debug|ARM64.Build.0 = Debug|Any CPU
		{4CBB1002-050F-4C3B-B765-AB72AD11BBC5}.Debug|ARM64.Deploy.0 = Debug|Any CPU
		{4CBB1002-050F-4C3B-B765-AB72AD11BBC5}.Debug|x64.ActiveCfg = Debug|Any CPU
		{4CBB1002-050F-4C3B-B765-AB72AD11BBC5}.Debug|x64.Build.0 = Debug|Any CPU
		{4CBB1002-050F-4C3B-B765-AB72AD11BBC5}.Debug|x64.Deploy.0 = Debug|Any CPU
		{4CBB1002-050F-4C3B-B765-AB72AD11BBC5}.Debug|x86.ActiveCfg = Debug|Any CPU
		{4CBB1002-050F-4C3B-B765-AB72AD11BBC5}.Debug|x86.Build.0 = Debug|Any CPU
		{4CBB1002-050F-4C3B-B765-AB72AD11BBC5}.Debug|x86.Deploy.0 = Debug|Any CPU
		{4CBB1002-050F-4C3B-B765-AB72AD11BBC5}.Release|Any CPU.ActiveCfg = Release|Any CPU
		{4CBB1002-050F-4C3B-B765-AB72AD11BBC5}.Release|Any CPU.Build.0 = Release|Any CPU
		{4CBB1002-050F-4C3B-B765-AB72AD11BBC5}.Release|Any CPU.Deploy.0 = Release|Any CPU
		{4CBB1002-050F-4C3B-B765-AB72AD11BBC5}.Release|ARM64.ActiveCfg = Release|Any CPU
		{4CBB1002-050F-4C3B-B765-AB72AD11BBC5}.Release|ARM64.Build.0 = Release|Any CPU
		{4CBB1002-050F-4C3B-B765-AB72AD11BBC5}.Release|ARM64.Deploy.0 = Release|Any CPU
		{4CBB1002-050F-4C3B-B765-AB72AD11BBC5}.Release|x64.ActiveCfg = Release|Any CPU
		{4CBB1002-050F-4C3B-B765-AB72AD11BBC5}.Release|x64.Build.0 = Release|Any CPU
		{4CBB1002-050F-4C3B-B765-AB72AD11BBC5}.Release|x64.Deploy.0 = Release|Any CPU
		{4CBB1002-050F-4C3B-B765-AB72AD11BBC5}.Release|x86.ActiveCfg = Release|Any CPU
		{4CBB1002-050F-4C3B-B765-AB72AD11BBC5}.Release|x86.Build.0 = Release|Any CPU
		{4CBB1002-050F-4C3B-B765-AB72AD11BBC5}.Release|x86.Deploy.0 = Release|Any CPU
		{9FC3CCF7-53F5-4A62-8AB7-89F40C0A2D31}.Debug|Any CPU.ActiveCfg = Debug|Any CPU
		{9FC3CCF7-53F5-4A62-8AB7-89F40C0A2D31}.Debug|Any CPU.Build.0 = Debug|Any CPU
		{9FC3CCF7-53F5-4A62-8AB7-89F40C0A2D31}.Debug|ARM64.ActiveCfg = Debug|Any CPU
		{9FC3CCF7-53F5-4A62-8AB7-89F40C0A2D31}.Debug|ARM64.Build.0 = Debug|Any CPU
		{9FC3CCF7-53F5-4A62-8AB7-89F40C0A2D31}.Debug|x64.ActiveCfg = Debug|Any CPU
		{9FC3CCF7-53F5-4A62-8AB7-89F40C0A2D31}.Debug|x64.Build.0 = Debug|Any CPU
		{9FC3CCF7-53F5-4A62-8AB7-89F40C0A2D31}.Debug|x86.ActiveCfg = Debug|Any CPU
		{9FC3CCF7-53F5-4A62-8AB7-89F40C0A2D31}.Debug|x86.Build.0 = Debug|Any CPU
		{9FC3CCF7-53F5-4A62-8AB7-89F40C0A2D31}.Release|Any CPU.ActiveCfg = Release|Any CPU
		{9FC3CCF7-53F5-4A62-8AB7-89F40C0A2D31}.Release|Any CPU.Build.0 = Release|Any CPU
		{9FC3CCF7-53F5-4A62-8AB7-89F40C0A2D31}.Release|ARM64.ActiveCfg = Release|Any CPU
		{9FC3CCF7-53F5-4A62-8AB7-89F40C0A2D31}.Release|ARM64.Build.0 = Release|Any CPU
		{9FC3CCF7-53F5-4A62-8AB7-89F40C0A2D31}.Release|x64.ActiveCfg = Release|Any CPU
		{9FC3CCF7-53F5-4A62-8AB7-89F40C0A2D31}.Release|x64.Build.0 = Release|Any CPU
		{9FC3CCF7-53F5-4A62-8AB7-89F40C0A2D31}.Release|x86.ActiveCfg = Release|Any CPU
		{9FC3CCF7-53F5-4A62-8AB7-89F40C0A2D31}.Release|x86.Build.0 = Release|Any CPU
		{9F97EA78-3E44-419C-9D60-145F4CF5BBCB}.Debug|Any CPU.ActiveCfg = Debug|Any CPU
		{9F97EA78-3E44-419C-9D60-145F4CF5BBCB}.Debug|Any CPU.Build.0 = Debug|Any CPU
		{9F97EA78-3E44-419C-9D60-145F4CF5BBCB}.Debug|ARM64.ActiveCfg = Debug|Any CPU
		{9F97EA78-3E44-419C-9D60-145F4CF5BBCB}.Debug|ARM64.Build.0 = Debug|Any CPU
		{9F97EA78-3E44-419C-9D60-145F4CF5BBCB}.Debug|x64.ActiveCfg = Debug|Any CPU
		{9F97EA78-3E44-419C-9D60-145F4CF5BBCB}.Debug|x64.Build.0 = Debug|Any CPU
		{9F97EA78-3E44-419C-9D60-145F4CF5BBCB}.Debug|x86.ActiveCfg = Debug|Any CPU
		{9F97EA78-3E44-419C-9D60-145F4CF5BBCB}.Debug|x86.Build.0 = Debug|Any CPU
		{9F97EA78-3E44-419C-9D60-145F4CF5BBCB}.Release|Any CPU.ActiveCfg = Release|Any CPU
		{9F97EA78-3E44-419C-9D60-145F4CF5BBCB}.Release|Any CPU.Build.0 = Release|Any CPU
		{9F97EA78-3E44-419C-9D60-145F4CF5BBCB}.Release|ARM64.ActiveCfg = Release|Any CPU
		{9F97EA78-3E44-419C-9D60-145F4CF5BBCB}.Release|ARM64.Build.0 = Release|Any CPU
		{9F97EA78-3E44-419C-9D60-145F4CF5BBCB}.Release|x64.ActiveCfg = Release|Any CPU
		{9F97EA78-3E44-419C-9D60-145F4CF5BBCB}.Release|x64.Build.0 = Release|Any CPU
		{9F97EA78-3E44-419C-9D60-145F4CF5BBCB}.Release|x86.ActiveCfg = Release|Any CPU
		{9F97EA78-3E44-419C-9D60-145F4CF5BBCB}.Release|x86.Build.0 = Release|Any CPU
	EndGlobalSection
	GlobalSection(SolutionProperties) = preSolution
		HideSolutionNode = FALSE
	EndGlobalSection
	GlobalSection(ExtensibilityGlobals) = postSolution
		SolutionGuid = {B17C6512-1B6B-4F29-8838-6F2A5753EE0C}
	EndGlobalSection
EndGlobal
